
Microsoft Visual Studio Solution File, Format Version 12.00
Project("{FAE04EC0-301F-11D3-BF4B-00C04F79EFBC}") = "Day07", "Day07.csproj", "{DAE3CB83-402F-44D9-8F3E-5AC17B38A6A3}"
EndProject
Global
	GlobalSection(SolutionConfigurationPlatforms) = preSolution
		Debug|Any CPU = Debug|Any CPU
		Release|Any CPU = Release|Any CPU
	EndGlobalSection
	GlobalSection(ProjectConfigurationPlatforms) = postSolution
		{DAE3CB83-402F-44D9-8F3E-5AC17B38A6A3}.Debug|Any CPU.ActiveCfg = Debug|Any CPU
		{DAE3CB83-402F-44D9-8F3E-5AC17B38A6A3}.Debug|Any CPU.Build.0 = Debug|Any CPU
		{DAE3CB83-402F-44D9-8F3E-5AC17B38A6A3}.Release|Any CPU.ActiveCfg = Release|Any CPU
		{DAE3CB83-402F-44D9-8F3E-5AC17B38A6A3}.Release|Any CPU.Build.0 = Release|Any CPU
	EndGlobalSection
EndGlobal
