
Microsoft Visual Studio Solution File, Format Version 12.00
Project("{FAE04EC0-301F-11D3-BF4B-00C04F79EFBC}") = "Day10", "Day10.csproj", "{BE8E9794-DAE2-4362-AE39-2B502CE8D691}"
EndProject
Global
	GlobalSection(SolutionConfigurationPlatforms) = preSolution
		Debug|Any CPU = Debug|Any CPU
		Release|Any CPU = Release|Any CPU
	EndGlobalSection
	GlobalSection(ProjectConfigurationPlatforms) = postSolution
		{BE8E9794-DAE2-4362-AE39-2B502CE8D691}.Debug|Any CPU.ActiveCfg = Debug|Any CPU
		{BE8E9794-DAE2-4362-AE39-2B502CE8D691}.Debug|Any CPU.Build.0 = Debug|Any CPU
		{BE8E9794-DAE2-4362-AE39-2B502CE8D691}.Release|Any CPU.ActiveCfg = Release|Any CPU
		{BE8E9794-DAE2-4362-AE39-2B502CE8D691}.Release|Any CPU.Build.0 = Release|Any CPU
	EndGlobalSection
EndGlobal
